// !$*UTF8*$!
{
	archiveVersion = 1;
	classes = {
	};
	objectVersion = 50;
	objects = {

/* Begin PBXBuildFile section */
		44EFA68825AA4E2000E8370A /* RxValigator.framework in Frameworks */ = {isa = PBXBuildFile; fileRef = 44EFA67F25AA4E2000E8370A /* RxValigator.framework */; };
		44EFA68D25AA4E2000E8370A /* RxValigatorTests.swift in Sources */ = {isa = PBXBuildFile; fileRef = 44EFA68C25AA4E2000E8370A /* RxValigatorTests.swift */; };
		44EFA6DC25AA505100E8370A /* Valigator.h in Headers */ = {isa = PBXBuildFile; fileRef = 44EFA6B225AA505100E8370A /* Valigator.h */; };
		44EFA6DD25AA505100E8370A /* EndOfFieldFormValidator.swift in Sources */ = {isa = PBXBuildFile; fileRef = 44EFA6B425AA505100E8370A /* EndOfFieldFormValidator.swift */; };
		44EFA6DE25AA505100E8370A /* BaseFormValidator.swift in Sources */ = {isa = PBXBuildFile; fileRef = 44EFA6B525AA505100E8370A /* BaseFormValidator.swift */; };
		44EFA6DF25AA505100E8370A /* FieldValidationWrapper.swift in Sources */ = {isa = PBXBuildFile; fileRef = 44EFA6B625AA505100E8370A /* FieldValidationWrapper.swift */; };
		44EFA6E025AA505100E8370A /* DuringEditFormValidator.swift in Sources */ = {isa = PBXBuildFile; fileRef = 44EFA6B725AA505100E8370A /* DuringEditFormValidator.swift */; };
		44EFA6E125AA505100E8370A /* NeverFormValidator.swift in Sources */ = {isa = PBXBuildFile; fileRef = 44EFA6B825AA505100E8370A /* NeverFormValidator.swift */; };
		44EFA6E225AA505100E8370A /* EndOfFormFormValidator.swift in Sources */ = {isa = PBXBuildFile; fileRef = 44EFA6B925AA505100E8370A /* EndOfFormFormValidator.swift */; };
		44EFA6E325AA505100E8370A /* FormValidatorProtocol.swift in Sources */ = {isa = PBXBuildFile; fileRef = 44EFA6BA25AA505100E8370A /* FormValidatorProtocol.swift */; };
		44EFA6E425AA505100E8370A /* FieldValidationProtocol.swift in Sources */ = {isa = PBXBuildFile; fileRef = 44EFA6BC25AA505100E8370A /* FieldValidationProtocol.swift */; };
		44EFA6E525AA505100E8370A /* FieldValidator.swift in Sources */ = {isa = PBXBuildFile; fileRef = 44EFA6BD25AA505100E8370A /* FieldValidator.swift */; };
		44EFA6E625AA505100E8370A /* FieldValidationEntities.swift in Sources */ = {isa = PBXBuildFile; fileRef = 44EFA6BE25AA505100E8370A /* FieldValidationEntities.swift */; };
		44EFA6E725AA505100E8370A /* Optional+Exts.swift in Sources */ = {isa = PBXBuildFile; fileRef = 44EFA6C025AA505100E8370A /* Optional+Exts.swift */; };
		44EFA6E825AA505100E8370A /* Collection+Exts.swift in Sources */ = {isa = PBXBuildFile; fileRef = 44EFA6C125AA505100E8370A /* Collection+Exts.swift */; };
		44EFA6E925AA505100E8370A /* FieldValueManager.swift in Sources */ = {isa = PBXBuildFile; fileRef = 44EFA6C325AA505100E8370A /* FieldValueManager.swift */; };
		44EFA6EA25AA505100E8370A /* FieldValueManagerEntity.swift in Sources */ = {isa = PBXBuildFile; fileRef = 44EFA6C425AA505100E8370A /* FieldValueManagerEntity.swift */; };
		44EFA6EB25AA505100E8370A /* OnlyLetterOrNumberValidationRule.swift in Sources */ = {isa = PBXBuildFile; fileRef = 44EFA6C625AA505100E8370A /* OnlyLetterOrNumberValidationRule.swift */; };
		44EFA6EC25AA505100E8370A /* CrossFieldValidationRule.swift in Sources */ = {isa = PBXBuildFile; fileRef = 44EFA6C725AA505100E8370A /* CrossFieldValidationRule.swift */; };
		44EFA6ED25AA505100E8370A /* RequiredStringValidationRule.swift in Sources */ = {isa = PBXBuildFile; fileRef = 44EFA6C825AA505100E8370A /* RequiredStringValidationRule.swift */; };
		44EFA6EE25AA505100E8370A /* LowercaseLetterValidationRule.swift in Sources */ = {isa = PBXBuildFile; fileRef = 44EFA6C925AA505100E8370A /* LowercaseLetterValidationRule.swift */; };
		44EFA6EF25AA505100E8370A /* RequiredCheckBoxValidationRule.swift in Sources */ = {isa = PBXBuildFile; fileRef = 44EFA6CA25AA505100E8370A /* RequiredCheckBoxValidationRule.swift */; };
		44EFA6F025AA505100E8370A /* UppercaseLetterValidationRule.swift in Sources */ = {isa = PBXBuildFile; fileRef = 44EFA6CB25AA505100E8370A /* UppercaseLetterValidationRule.swift */; };
		44EFA6F125AA505100E8370A /* OnlyDigitsValidationRule.swift in Sources */ = {isa = PBXBuildFile; fileRef = 44EFA6CC25AA505100E8370A /* OnlyDigitsValidationRule.swift */; };
		44EFA6F225AA505100E8370A /* CharacterRangeInputRule.swift in Sources */ = {isa = PBXBuildFile; fileRef = 44EFA6CD25AA505100E8370A /* CharacterRangeInputRule.swift */; };
		44EFA6F325AA505100E8370A /* RequiredObjectValidationRule.swift in Sources */ = {isa = PBXBuildFile; fileRef = 44EFA6CE25AA505100E8370A /* RequiredObjectValidationRule.swift */; };
		44EFA6F425AA505100E8370A /* ExcludeCharactersRule.swift in Sources */ = {isa = PBXBuildFile; fileRef = 44EFA6CF25AA505100E8370A /* ExcludeCharactersRule.swift */; };
		44EFA6F525AA505100E8370A /* MaxLengthValidationRule.swift in Sources */ = {isa = PBXBuildFile; fileRef = 44EFA6D025AA505100E8370A /* MaxLengthValidationRule.swift */; };
		44EFA6F625AA505100E8370A /* MinLengthValidationRule.swift in Sources */ = {isa = PBXBuildFile; fileRef = 44EFA6D125AA505100E8370A /* MinLengthValidationRule.swift */; };
		44EFA6F725AA505100E8370A /* ValidationRuleProtocol.swift in Sources */ = {isa = PBXBuildFile; fileRef = 44EFA6D225AA505100E8370A /* ValidationRuleProtocol.swift */; };
		44EFA6F825AA505100E8370A /* OnlyNumberValidationRule.swift in Sources */ = {isa = PBXBuildFile; fileRef = 44EFA6D325AA505100E8370A /* OnlyNumberValidationRule.swift */; };
		44EFA6F925AA505100E8370A /* BaseValidationRule.swift in Sources */ = {isa = PBXBuildFile; fileRef = 44EFA6D425AA505100E8370A /* BaseValidationRule.swift */; };
		44EFA6FA25AA505100E8370A /* EmailValidationRule.swift in Sources */ = {isa = PBXBuildFile; fileRef = 44EFA6D525AA505100E8370A /* EmailValidationRule.swift */; };
		44EFA6FB25AA505100E8370A /* RegexValidationRule.swift in Sources */ = {isa = PBXBuildFile; fileRef = 44EFA6D625AA505100E8370A /* RegexValidationRule.swift */; };
		44EFA6FC25AA505100E8370A /* Info.plist in Resources */ = {isa = PBXBuildFile; fileRef = 44EFA6D725AA505100E8370A /* Info.plist */; };
		44EFA6FD25AA505100E8370A /* Valigator.swift in Sources */ = {isa = PBXBuildFile; fileRef = 44EFA6D925AA505100E8370A /* Valigator.swift */; };
		44EFA6FE25AA505100E8370A /* ValigatorProtocol.swift in Sources */ = {isa = PBXBuildFile; fileRef = 44EFA6DA25AA505100E8370A /* ValigatorProtocol.swift */; };
		44EFA6FF25AA505100E8370A /* ValigatorEntities.swift in Sources */ = {isa = PBXBuildFile; fileRef = 44EFA6DB25AA505100E8370A /* ValigatorEntities.swift */; };
		44EFA71225AA50AF00E8370A /* RxValigator.h in Headers */ = {isa = PBXBuildFile; fileRef = 44EFA71025AA50AF00E8370A /* RxValigator.h */; };
		44EFA71325AA50AF00E8370A /* Info.plist in Resources */ = {isa = PBXBuildFile; fileRef = 44EFA71125AA50AF00E8370A /* Info.plist */; };
		44EFA76925AA577F00E8370A /* RxExtension.swift in Sources */ = {isa = PBXBuildFile; fileRef = 44EFA76825AA577F00E8370A /* RxExtension.swift */; };
		5F409A2C240DF07F00FAD8FD /* Valigator.podspec in Resources */ = {isa = PBXBuildFile; fileRef = 5F409A2B240DF07F00FAD8FD /* Valigator.podspec */; };
		5FAD693B2407198A00D0EB06 /* Valigator.framework in Frameworks */ = {isa = PBXBuildFile; fileRef = 5FAD69312407198900D0EB06 /* Valigator.framework */; };
		5FAD69402407198A00D0EB06 /* ValigatorTests.swift in Sources */ = {isa = PBXBuildFile; fileRef = 5FAD693F2407198A00D0EB06 /* ValigatorTests.swift */; };
/* End PBXBuildFile section */

/* Begin PBXContainerItemProxy section */
		44EFA68925AA4E2000E8370A /* PBXContainerItemProxy */ = {
			isa = PBXContainerItemProxy;
			containerPortal = 5FAD69282407198900D0EB06 /* Project object */;
			proxyType = 1;
			remoteGlobalIDString = 44EFA67E25AA4E2000E8370A;
			remoteInfo = RxValigator;
		};
		5FAD693C2407198A00D0EB06 /* PBXContainerItemProxy */ = {
			isa = PBXContainerItemProxy;
			containerPortal = 5FAD69282407198900D0EB06 /* Project object */;
			proxyType = 1;
			remoteGlobalIDString = 5FAD69302407198900D0EB06;
			remoteInfo = Valigator;
		};
/* End PBXContainerItemProxy section */

/* Begin PBXFileReference section */
		44EFA67F25AA4E2000E8370A /* RxValigator.framework */ = {isa = PBXFileReference; explicitFileType = wrapper.framework; includeInIndex = 0; path = RxValigator.framework; sourceTree = BUILT_PRODUCTS_DIR; };
		44EFA68725AA4E2000E8370A /* RxValigatorTests.xctest */ = {isa = PBXFileReference; explicitFileType = wrapper.cfbundle; includeInIndex = 0; path = RxValigatorTests.xctest; sourceTree = BUILT_PRODUCTS_DIR; };
		44EFA68C25AA4E2000E8370A /* RxValigatorTests.swift */ = {isa = PBXFileReference; lastKnownFileType = sourcecode.swift; path = RxValigatorTests.swift; sourceTree = "<group>"; };
		44EFA68E25AA4E2000E8370A /* Info.plist */ = {isa = PBXFileReference; lastKnownFileType = text.plist.xml; path = Info.plist; sourceTree = "<group>"; };
		44EFA6B225AA505100E8370A /* Valigator.h */ = {isa = PBXFileReference; fileEncoding = 4; lastKnownFileType = sourcecode.c.h; path = Valigator.h; sourceTree = "<group>"; };
		44EFA6B425AA505100E8370A /* EndOfFieldFormValidator.swift */ = {isa = PBXFileReference; fileEncoding = 4; lastKnownFileType = sourcecode.swift; path = EndOfFieldFormValidator.swift; sourceTree = "<group>"; };
		44EFA6B525AA505100E8370A /* BaseFormValidator.swift */ = {isa = PBXFileReference; fileEncoding = 4; lastKnownFileType = sourcecode.swift; path = BaseFormValidator.swift; sourceTree = "<group>"; };
		44EFA6B625AA505100E8370A /* FieldValidationWrapper.swift */ = {isa = PBXFileReference; fileEncoding = 4; lastKnownFileType = sourcecode.swift; path = FieldValidationWrapper.swift; sourceTree = "<group>"; };
		44EFA6B725AA505100E8370A /* DuringEditFormValidator.swift */ = {isa = PBXFileReference; fileEncoding = 4; lastKnownFileType = sourcecode.swift; path = DuringEditFormValidator.swift; sourceTree = "<group>"; };
		44EFA6B825AA505100E8370A /* NeverFormValidator.swift */ = {isa = PBXFileReference; fileEncoding = 4; lastKnownFileType = sourcecode.swift; path = NeverFormValidator.swift; sourceTree = "<group>"; };
		44EFA6B925AA505100E8370A /* EndOfFormFormValidator.swift */ = {isa = PBXFileReference; fileEncoding = 4; lastKnownFileType = sourcecode.swift; path = EndOfFormFormValidator.swift; sourceTree = "<group>"; };
		44EFA6BA25AA505100E8370A /* FormValidatorProtocol.swift */ = {isa = PBXFileReference; fileEncoding = 4; lastKnownFileType = sourcecode.swift; path = FormValidatorProtocol.swift; sourceTree = "<group>"; };
		44EFA6BC25AA505100E8370A /* FieldValidationProtocol.swift */ = {isa = PBXFileReference; fileEncoding = 4; lastKnownFileType = sourcecode.swift; path = FieldValidationProtocol.swift; sourceTree = "<group>"; };
		44EFA6BD25AA505100E8370A /* FieldValidator.swift */ = {isa = PBXFileReference; fileEncoding = 4; lastKnownFileType = sourcecode.swift; path = FieldValidator.swift; sourceTree = "<group>"; };
		44EFA6BE25AA505100E8370A /* FieldValidationEntities.swift */ = {isa = PBXFileReference; fileEncoding = 4; lastKnownFileType = sourcecode.swift; path = FieldValidationEntities.swift; sourceTree = "<group>"; };
		44EFA6C025AA505100E8370A /* Optional+Exts.swift */ = {isa = PBXFileReference; fileEncoding = 4; lastKnownFileType = sourcecode.swift; path = "Optional+Exts.swift"; sourceTree = "<group>"; };
		44EFA6C125AA505100E8370A /* Collection+Exts.swift */ = {isa = PBXFileReference; fileEncoding = 4; lastKnownFileType = sourcecode.swift; path = "Collection+Exts.swift"; sourceTree = "<group>"; };
		44EFA6C325AA505100E8370A /* FieldValueManager.swift */ = {isa = PBXFileReference; fileEncoding = 4; lastKnownFileType = sourcecode.swift; path = FieldValueManager.swift; sourceTree = "<group>"; };
		44EFA6C425AA505100E8370A /* FieldValueManagerEntity.swift */ = {isa = PBXFileReference; fileEncoding = 4; lastKnownFileType = sourcecode.swift; path = FieldValueManagerEntity.swift; sourceTree = "<group>"; };
		44EFA6C625AA505100E8370A /* OnlyLetterOrNumberValidationRule.swift */ = {isa = PBXFileReference; fileEncoding = 4; lastKnownFileType = sourcecode.swift; path = OnlyLetterOrNumberValidationRule.swift; sourceTree = "<group>"; };
		44EFA6C725AA505100E8370A /* CrossFieldValidationRule.swift */ = {isa = PBXFileReference; fileEncoding = 4; lastKnownFileType = sourcecode.swift; path = CrossFieldValidationRule.swift; sourceTree = "<group>"; };
		44EFA6C825AA505100E8370A /* RequiredStringValidationRule.swift */ = {isa = PBXFileReference; fileEncoding = 4; lastKnownFileType = sourcecode.swift; path = RequiredStringValidationRule.swift; sourceTree = "<group>"; };
		44EFA6C925AA505100E8370A /* LowercaseLetterValidationRule.swift */ = {isa = PBXFileReference; fileEncoding = 4; lastKnownFileType = sourcecode.swift; path = LowercaseLetterValidationRule.swift; sourceTree = "<group>"; };
		44EFA6CA25AA505100E8370A /* RequiredCheckBoxValidationRule.swift */ = {isa = PBXFileReference; fileEncoding = 4; lastKnownFileType = sourcecode.swift; path = RequiredCheckBoxValidationRule.swift; sourceTree = "<group>"; };
		44EFA6CB25AA505100E8370A /* UppercaseLetterValidationRule.swift */ = {isa = PBXFileReference; fileEncoding = 4; lastKnownFileType = sourcecode.swift; path = UppercaseLetterValidationRule.swift; sourceTree = "<group>"; };
		44EFA6CC25AA505100E8370A /* OnlyDigitsValidationRule.swift */ = {isa = PBXFileReference; fileEncoding = 4; lastKnownFileType = sourcecode.swift; path = OnlyDigitsValidationRule.swift; sourceTree = "<group>"; };
		44EFA6CD25AA505100E8370A /* CharacterRangeInputRule.swift */ = {isa = PBXFileReference; fileEncoding = 4; lastKnownFileType = sourcecode.swift; path = CharacterRangeInputRule.swift; sourceTree = "<group>"; };
		44EFA6CE25AA505100E8370A /* RequiredObjectValidationRule.swift */ = {isa = PBXFileReference; fileEncoding = 4; lastKnownFileType = sourcecode.swift; path = RequiredObjectValidationRule.swift; sourceTree = "<group>"; };
		44EFA6CF25AA505100E8370A /* ExcludeCharactersRule.swift */ = {isa = PBXFileReference; fileEncoding = 4; lastKnownFileType = sourcecode.swift; path = ExcludeCharactersRule.swift; sourceTree = "<group>"; };
		44EFA6D025AA505100E8370A /* MaxLengthValidationRule.swift */ = {isa = PBXFileReference; fileEncoding = 4; lastKnownFileType = sourcecode.swift; path = MaxLengthValidationRule.swift; sourceTree = "<group>"; };
		44EFA6D125AA505100E8370A /* MinLengthValidationRule.swift */ = {isa = PBXFileReference; fileEncoding = 4; lastKnownFileType = sourcecode.swift; path = MinLengthValidationRule.swift; sourceTree = "<group>"; };
		44EFA6D225AA505100E8370A /* ValidationRuleProtocol.swift */ = {isa = PBXFileReference; fileEncoding = 4; lastKnownFileType = sourcecode.swift; path = ValidationRuleProtocol.swift; sourceTree = "<group>"; };
		44EFA6D325AA505100E8370A /* OnlyNumberValidationRule.swift */ = {isa = PBXFileReference; fileEncoding = 4; lastKnownFileType = sourcecode.swift; path = OnlyNumberValidationRule.swift; sourceTree = "<group>"; };
		44EFA6D425AA505100E8370A /* BaseValidationRule.swift */ = {isa = PBXFileReference; fileEncoding = 4; lastKnownFileType = sourcecode.swift; path = BaseValidationRule.swift; sourceTree = "<group>"; };
		44EFA6D525AA505100E8370A /* EmailValidationRule.swift */ = {isa = PBXFileReference; fileEncoding = 4; lastKnownFileType = sourcecode.swift; path = EmailValidationRule.swift; sourceTree = "<group>"; };
		44EFA6D625AA505100E8370A /* RegexValidationRule.swift */ = {isa = PBXFileReference; fileEncoding = 4; lastKnownFileType = sourcecode.swift; path = RegexValidationRule.swift; sourceTree = "<group>"; };
		44EFA6D725AA505100E8370A /* Info.plist */ = {isa = PBXFileReference; fileEncoding = 4; lastKnownFileType = text.plist.xml; path = Info.plist; sourceTree = "<group>"; };
		44EFA6D925AA505100E8370A /* Valigator.swift */ = {isa = PBXFileReference; fileEncoding = 4; lastKnownFileType = sourcecode.swift; path = Valigator.swift; sourceTree = "<group>"; };
		44EFA6DA25AA505100E8370A /* ValigatorProtocol.swift */ = {isa = PBXFileReference; fileEncoding = 4; lastKnownFileType = sourcecode.swift; path = ValigatorProtocol.swift; sourceTree = "<group>"; };
		44EFA6DB25AA505100E8370A /* ValigatorEntities.swift */ = {isa = PBXFileReference; fileEncoding = 4; lastKnownFileType = sourcecode.swift; path = ValigatorEntities.swift; sourceTree = "<group>"; };
		44EFA71025AA50AF00E8370A /* RxValigator.h */ = {isa = PBXFileReference; fileEncoding = 4; lastKnownFileType = sourcecode.c.h; path = RxValigator.h; sourceTree = "<group>"; };
		44EFA71125AA50AF00E8370A /* Info.plist */ = {isa = PBXFileReference; fileEncoding = 4; lastKnownFileType = text.plist.xml; path = Info.plist; sourceTree = "<group>"; };
		44EFA76825AA577F00E8370A /* RxExtension.swift */ = {isa = PBXFileReference; lastKnownFileType = sourcecode.swift; path = RxExtension.swift; sourceTree = "<group>"; };
		5F409A26240D700200FAD8FD /* Package.swift */ = {isa = PBXFileReference; lastKnownFileType = sourcecode.swift; path = Package.swift; sourceTree = SOURCE_ROOT; };
		5F409A2B240DF07F00FAD8FD /* Valigator.podspec */ = {isa = PBXFileReference; lastKnownFileType = text; path = Valigator.podspec; sourceTree = SOURCE_ROOT; };
		5FAD69312407198900D0EB06 /* Valigator.framework */ = {isa = PBXFileReference; explicitFileType = wrapper.framework; includeInIndex = 0; path = Valigator.framework; sourceTree = BUILT_PRODUCTS_DIR; };
		5FAD693A2407198A00D0EB06 /* ValigatorTests.xctest */ = {isa = PBXFileReference; explicitFileType = wrapper.cfbundle; includeInIndex = 0; path = ValigatorTests.xctest; sourceTree = BUILT_PRODUCTS_DIR; };
		5FAD693F2407198A00D0EB06 /* ValigatorTests.swift */ = {isa = PBXFileReference; lastKnownFileType = sourcecode.swift; path = ValigatorTests.swift; sourceTree = "<group>"; };
		5FAD69412407198A00D0EB06 /* Info.plist */ = {isa = PBXFileReference; lastKnownFileType = text.plist.xml; path = Info.plist; sourceTree = "<group>"; };
/* End PBXFileReference section */

/* Begin PBXFrameworksBuildPhase section */
		44EFA67C25AA4E2000E8370A /* Frameworks */ = {
			isa = PBXFrameworksBuildPhase;
			buildActionMask = 2147483647;
			files = (
			);
			runOnlyForDeploymentPostprocessing = 0;
		};
		44EFA68425AA4E2000E8370A /* Frameworks */ = {
			isa = PBXFrameworksBuildPhase;
			buildActionMask = 2147483647;
			files = (
				44EFA68825AA4E2000E8370A /* RxValigator.framework in Frameworks */,
			);
			runOnlyForDeploymentPostprocessing = 0;
		};
		5FAD692E2407198900D0EB06 /* Frameworks */ = {
			isa = PBXFrameworksBuildPhase;
			buildActionMask = 2147483647;
			files = (
			);
			runOnlyForDeploymentPostprocessing = 0;
		};
		5FAD69372407198A00D0EB06 /* Frameworks */ = {
			isa = PBXFrameworksBuildPhase;
			buildActionMask = 2147483647;
			files = (
				5FAD693B2407198A00D0EB06 /* Valigator.framework in Frameworks */,
			);
			runOnlyForDeploymentPostprocessing = 0;
		};
/* End PBXFrameworksBuildPhase section */

/* Begin PBXGroup section */
		44EFA68B25AA4E2000E8370A /* RxValigatorTests */ = {
			isa = PBXGroup;
			children = (
				44EFA68C25AA4E2000E8370A /* RxValigatorTests.swift */,
				44EFA68E25AA4E2000E8370A /* Info.plist */,
			);
			path = RxValigatorTests;
			sourceTree = "<group>";
		};
		44EFA69A25AA4E2C00E8370A /* Frameworks */ = {
			isa = PBXGroup;
			children = (
			);
			name = Frameworks;
			sourceTree = "<group>";
		};
		44EFA6B025AA505100E8370A /* RxValigator */ = {
			isa = PBXGroup;
			children = (
				44EFA71125AA50AF00E8370A /* Info.plist */,
				44EFA71025AA50AF00E8370A /* RxValigator.h */,
				44EFA76825AA577F00E8370A /* RxExtension.swift */,
			);
			path = RxValigator;
			sourceTree = "<group>";
		};
		44EFA6B125AA505100E8370A /* Valigator */ = {
			isa = PBXGroup;
			children = (
				44EFA6B225AA505100E8370A /* Valigator.h */,
				44EFA6B325AA505100E8370A /* FormValidators */,
				44EFA6BB25AA505100E8370A /* FieldValidation */,
				44EFA6BF25AA505100E8370A /* Extensions */,
				44EFA6C225AA505100E8370A /* FieldValueManager */,
				44EFA6C525AA505100E8370A /* ValidationRules */,
				44EFA6D725AA505100E8370A /* Info.plist */,
				44EFA6D825AA505100E8370A /* Services */,
			);
			path = Valigator;
			sourceTree = "<group>";
		};
		44EFA6B325AA505100E8370A /* FormValidators */ = {
			isa = PBXGroup;
			children = (
				44EFA6B425AA505100E8370A /* EndOfFieldFormValidator.swift */,
				44EFA6B525AA505100E8370A /* BaseFormValidator.swift */,
				44EFA6B625AA505100E8370A /* FieldValidationWrapper.swift */,
				44EFA6B725AA505100E8370A /* DuringEditFormValidator.swift */,
				44EFA6B825AA505100E8370A /* NeverFormValidator.swift */,
				44EFA6B925AA505100E8370A /* EndOfFormFormValidator.swift */,
				44EFA6BA25AA505100E8370A /* FormValidatorProtocol.swift */,
			);
			path = FormValidators;
			sourceTree = "<group>";
		};
		44EFA6BB25AA505100E8370A /* FieldValidation */ = {
			isa = PBXGroup;
			children = (
				44EFA6BC25AA505100E8370A /* FieldValidationProtocol.swift */,
				44EFA6BD25AA505100E8370A /* FieldValidator.swift */,
				44EFA6BE25AA505100E8370A /* FieldValidationEntities.swift */,
			);
			path = FieldValidation;
			sourceTree = "<group>";
		};
		44EFA6BF25AA505100E8370A /* Extensions */ = {
			isa = PBXGroup;
			children = (
				44EFA6C025AA505100E8370A /* Optional+Exts.swift */,
				44EFA6C125AA505100E8370A /* Collection+Exts.swift */,
			);
			path = Extensions;
			sourceTree = "<group>";
		};
		44EFA6C225AA505100E8370A /* FieldValueManager */ = {
			isa = PBXGroup;
			children = (
				44EFA6C325AA505100E8370A /* FieldValueManager.swift */,
				44EFA6C425AA505100E8370A /* FieldValueManagerEntity.swift */,
			);
			path = FieldValueManager;
			sourceTree = "<group>";
		};
		44EFA6C525AA505100E8370A /* ValidationRules */ = {
			isa = PBXGroup;
			children = (
				44EFA6C625AA505100E8370A /* OnlyLetterOrNumberValidationRule.swift */,
				44EFA6C725AA505100E8370A /* CrossFieldValidationRule.swift */,
				44EFA6C825AA505100E8370A /* RequiredStringValidationRule.swift */,
				44EFA6C925AA505100E8370A /* LowercaseLetterValidationRule.swift */,
				44EFA6CA25AA505100E8370A /* RequiredCheckBoxValidationRule.swift */,
				44EFA6CB25AA505100E8370A /* UppercaseLetterValidationRule.swift */,
				44EFA6CC25AA505100E8370A /* OnlyDigitsValidationRule.swift */,
				44EFA6CD25AA505100E8370A /* CharacterRangeInputRule.swift */,
				44EFA6CE25AA505100E8370A /* RequiredObjectValidationRule.swift */,
				44EFA6CF25AA505100E8370A /* ExcludeCharactersRule.swift */,
				44EFA6D025AA505100E8370A /* MaxLengthValidationRule.swift */,
				44EFA6D125AA505100E8370A /* MinLengthValidationRule.swift */,
				44EFA6D225AA505100E8370A /* ValidationRuleProtocol.swift */,
				44EFA6D325AA505100E8370A /* OnlyNumberValidationRule.swift */,
				44EFA6D425AA505100E8370A /* BaseValidationRule.swift */,
				44EFA6D525AA505100E8370A /* EmailValidationRule.swift */,
				44EFA6D625AA505100E8370A /* RegexValidationRule.swift */,
			);
			path = ValidationRules;
			sourceTree = "<group>";
		};
		44EFA6D825AA505100E8370A /* Services */ = {
			isa = PBXGroup;
			children = (
				44EFA6D925AA505100E8370A /* Valigator.swift */,
				44EFA6DA25AA505100E8370A /* ValigatorProtocol.swift */,
				44EFA6DB25AA505100E8370A /* ValigatorEntities.swift */,
			);
			path = Services;
			sourceTree = "<group>";
		};
		5F409A25240D6FEA00FAD8FD /* Deployment */ = {
			isa = PBXGroup;
			children = (
				5F409A26240D700200FAD8FD /* Package.swift */,
				5F409A2B240DF07F00FAD8FD /* Valigator.podspec */,
			);
			path = Deployment;
			sourceTree = "<group>";
		};
		5FAD69272407198900D0EB06 = {
			isa = PBXGroup;
			children = (
				5F409A25240D6FEA00FAD8FD /* Deployment */,
				5FAD69332407198900D0EB06 /* Source */,
				5FAD693E2407198A00D0EB06 /* Tests */,
				44EFA68B25AA4E2000E8370A /* RxValigatorTests */,
				5FAD69322407198900D0EB06 /* Products */,
				44EFA69A25AA4E2C00E8370A /* Frameworks */,
			);
			sourceTree = "<group>";
		};
		5FAD69322407198900D0EB06 /* Products */ = {
			isa = PBXGroup;
			children = (
				5FAD69312407198900D0EB06 /* Valigator.framework */,
				5FAD693A2407198A00D0EB06 /* ValigatorTests.xctest */,
				44EFA67F25AA4E2000E8370A /* RxValigator.framework */,
				44EFA68725AA4E2000E8370A /* RxValigatorTests.xctest */,
			);
			name = Products;
			sourceTree = "<group>";
		};
		5FAD69332407198900D0EB06 /* Source */ = {
			isa = PBXGroup;
			children = (
				44EFA6B025AA505100E8370A /* RxValigator */,
				44EFA6B125AA505100E8370A /* Valigator */,
			);
			path = Source;
			sourceTree = "<group>";
		};
		5FAD693E2407198A00D0EB06 /* Tests */ = {
			isa = PBXGroup;
			children = (
				5FAD693F2407198A00D0EB06 /* ValigatorTests.swift */,
				5FAD69412407198A00D0EB06 /* Info.plist */,
			);
			path = Tests;
			sourceTree = "<group>";
		};
/* End PBXGroup section */

/* Begin PBXHeadersBuildPhase section */
		44EFA67A25AA4E2000E8370A /* Headers */ = {
			isa = PBXHeadersBuildPhase;
			buildActionMask = 2147483647;
			files = (
				44EFA71225AA50AF00E8370A /* RxValigator.h in Headers */,
			);
			runOnlyForDeploymentPostprocessing = 0;
		};
		5FAD692C2407198900D0EB06 /* Headers */ = {
			isa = PBXHeadersBuildPhase;
			buildActionMask = 2147483647;
			files = (
				44EFA6DC25AA505100E8370A /* Valigator.h in Headers */,
			);
			runOnlyForDeploymentPostprocessing = 0;
		};
/* End PBXHeadersBuildPhase section */

/* Begin PBXNativeTarget section */
		44EFA67E25AA4E2000E8370A /* RxValigator */ = {
			isa = PBXNativeTarget;
			buildConfigurationList = 44EFA69425AA4E2000E8370A /* Build configuration list for PBXNativeTarget "RxValigator" */;
			buildPhases = (
				44EFA67A25AA4E2000E8370A /* Headers */,
				44EFA67B25AA4E2000E8370A /* Sources */,
				44EFA67C25AA4E2000E8370A /* Frameworks */,
				44EFA67D25AA4E2000E8370A /* Resources */,
			);
			buildRules = (
			);
			dependencies = (
			);
			name = RxValigator;
			productName = RxValigator;
			productReference = 44EFA67F25AA4E2000E8370A /* RxValigator.framework */;
			productType = "com.apple.product-type.framework";
		};
		44EFA68625AA4E2000E8370A /* RxValigatorTests */ = {
			isa = PBXNativeTarget;
			buildConfigurationList = 44EFA69525AA4E2000E8370A /* Build configuration list for PBXNativeTarget "RxValigatorTests" */;
			buildPhases = (
				44EFA68325AA4E2000E8370A /* Sources */,
				44EFA68425AA4E2000E8370A /* Frameworks */,
				44EFA68525AA4E2000E8370A /* Resources */,
			);
			buildRules = (
			);
			dependencies = (
				44EFA68A25AA4E2000E8370A /* PBXTargetDependency */,
			);
			name = RxValigatorTests;
			productName = RxValigatorTests;
			productReference = 44EFA68725AA4E2000E8370A /* RxValigatorTests.xctest */;
			productType = "com.apple.product-type.bundle.unit-test";
		};
		5FAD69302407198900D0EB06 /* Valigator */ = {
			isa = PBXNativeTarget;
			buildConfigurationList = 5FAD69452407198A00D0EB06 /* Build configuration list for PBXNativeTarget "Valigator" */;
			buildPhases = (
				5FAD692C2407198900D0EB06 /* Headers */,
				5FAD692D2407198900D0EB06 /* Sources */,
				5FAD692E2407198900D0EB06 /* Frameworks */,
				5FAD692F2407198900D0EB06 /* Resources */,
				5F2FE363240AFF1A00197E67 /* SwiftLint */,
			);
			buildRules = (
			);
			dependencies = (
			);
			name = Valigator;
			productName = Valigator;
			productReference = 5FAD69312407198900D0EB06 /* Valigator.framework */;
			productType = "com.apple.product-type.framework";
		};
		5FAD69392407198A00D0EB06 /* ValigatorTests */ = {
			isa = PBXNativeTarget;
			buildConfigurationList = 5FAD69482407198A00D0EB06 /* Build configuration list for PBXNativeTarget "ValigatorTests" */;
			buildPhases = (
				5FAD69362407198A00D0EB06 /* Sources */,
				5FAD69372407198A00D0EB06 /* Frameworks */,
				5FAD69382407198A00D0EB06 /* Resources */,
			);
			buildRules = (
			);
			dependencies = (
				5FAD693D2407198A00D0EB06 /* PBXTargetDependency */,
			);
			name = ValigatorTests;
			productName = ValigatorTests;
			productReference = 5FAD693A2407198A00D0EB06 /* ValigatorTests.xctest */;
			productType = "com.apple.product-type.bundle.unit-test";
		};
/* End PBXNativeTarget section */

/* Begin PBXProject section */
		5FAD69282407198900D0EB06 /* Project object */ = {
			isa = PBXProject;
			attributes = {
				LastSwiftUpdateCheck = 1220;
				LastUpgradeCheck = 1130;
				ORGANIZATIONNAME = kapizoli77;
				TargetAttributes = {
					44EFA67E25AA4E2000E8370A = {
						CreatedOnToolsVersion = 12.2;
						LastSwiftMigration = 1220;
					};
					44EFA68625AA4E2000E8370A = {
						CreatedOnToolsVersion = 12.2;
					};
					5FAD69302407198900D0EB06 = {
						CreatedOnToolsVersion = 11.3.1;
					};
					5FAD69392407198A00D0EB06 = {
						CreatedOnToolsVersion = 11.3.1;
					};
				};
			};
			buildConfigurationList = 5FAD692B2407198900D0EB06 /* Build configuration list for PBXProject "Valigator" */;
			compatibilityVersion = "Xcode 9.3";
			developmentRegion = en;
			hasScannedForEncodings = 0;
			knownRegions = (
				en,
				Base,
			);
			mainGroup = 5FAD69272407198900D0EB06;
			productRefGroup = 5FAD69322407198900D0EB06 /* Products */;
			projectDirPath = "";
			projectRoot = "";
			targets = (
				5FAD69302407198900D0EB06 /* Valigator */,
				5FAD69392407198A00D0EB06 /* ValigatorTests */,
				44EFA67E25AA4E2000E8370A /* RxValigator */,
				44EFA68625AA4E2000E8370A /* RxValigatorTests */,
			);
		};
/* End PBXProject section */

/* Begin PBXResourcesBuildPhase section */
		44EFA67D25AA4E2000E8370A /* Resources */ = {
			isa = PBXResourcesBuildPhase;
			buildActionMask = 2147483647;
			files = (
				44EFA71325AA50AF00E8370A /* Info.plist in Resources */,
			);
			runOnlyForDeploymentPostprocessing = 0;
		};
		44EFA68525AA4E2000E8370A /* Resources */ = {
			isa = PBXResourcesBuildPhase;
			buildActionMask = 2147483647;
			files = (
			);
			runOnlyForDeploymentPostprocessing = 0;
		};
		5FAD692F2407198900D0EB06 /* Resources */ = {
			isa = PBXResourcesBuildPhase;
			buildActionMask = 2147483647;
			files = (
				44EFA6FC25AA505100E8370A /* Info.plist in Resources */,
				5F409A2C240DF07F00FAD8FD /* Valigator.podspec in Resources */,
			);
			runOnlyForDeploymentPostprocessing = 0;
		};
		5FAD69382407198A00D0EB06 /* Resources */ = {
			isa = PBXResourcesBuildPhase;
			buildActionMask = 2147483647;
			files = (
			);
			runOnlyForDeploymentPostprocessing = 0;
		};
/* End PBXResourcesBuildPhase section */

/* Begin PBXShellScriptBuildPhase section */
		5F2FE363240AFF1A00197E67 /* SwiftLint */ = {
			isa = PBXShellScriptBuildPhase;
			buildActionMask = 2147483647;
			files = (
			);
			inputFileListPaths = (
			);
			inputPaths = (
			);
			name = SwiftLint;
			outputFileListPaths = (
			);
			outputPaths = (
			);
			runOnlyForDeploymentPostprocessing = 0;
			shellPath = /bin/sh;
			shellScript = "if which SwiftLint/swiftlint >/dev/null; then\n  SwiftLint/swiftlint\nelse\n  echo \"run download_swiftlint lane\"\nfi\n";
		};
/* End PBXShellScriptBuildPhase section */

/* Begin PBXSourcesBuildPhase section */
		44EFA67B25AA4E2000E8370A /* Sources */ = {
			isa = PBXSourcesBuildPhase;
			buildActionMask = 2147483647;
			files = (
				44EFA76925AA577F00E8370A /* RxExtension.swift in Sources */,
			);
			runOnlyForDeploymentPostprocessing = 0;
		};
		44EFA68325AA4E2000E8370A /* Sources */ = {
			isa = PBXSourcesBuildPhase;
			buildActionMask = 2147483647;
			files = (
				44EFA68D25AA4E2000E8370A /* RxValigatorTests.swift in Sources */,
			);
			runOnlyForDeploymentPostprocessing = 0;
		};
		5FAD692D2407198900D0EB06 /* Sources */ = {
			isa = PBXSourcesBuildPhase;
			buildActionMask = 2147483647;
			files = (
				44EFA6F425AA505100E8370A /* ExcludeCharactersRule.swift in Sources */,
				44EFA6FE25AA505100E8370A /* ValigatorProtocol.swift in Sources */,
				44EFA6EE25AA505100E8370A /* LowercaseLetterValidationRule.swift in Sources */,
				44EFA6F025AA505100E8370A /* UppercaseLetterValidationRule.swift in Sources */,
				44EFA6E525AA505100E8370A /* FieldValidator.swift in Sources */,
				44EFA6E725AA505100E8370A /* Optional+Exts.swift in Sources */,
				44EFA6F325AA505100E8370A /* RequiredObjectValidationRule.swift in Sources */,
				44EFA6E325AA505100E8370A /* FormValidatorProtocol.swift in Sources */,
				44EFA6E425AA505100E8370A /* FieldValidationProtocol.swift in Sources */,
				44EFA6F225AA505100E8370A /* CharacterRangeInputRule.swift in Sources */,
				44EFA6E125AA505100E8370A /* NeverFormValidator.swift in Sources */,
				44EFA6E925AA505100E8370A /* FieldValueManager.swift in Sources */,
				44EFA6E225AA505100E8370A /* EndOfFormFormValidator.swift in Sources */,
				44EFA6F125AA505100E8370A /* OnlyDigitsValidationRule.swift in Sources */,
				44EFA6DF25AA505100E8370A /* FieldValidationWrapper.swift in Sources */,
				44EFA6F725AA505100E8370A /* ValidationRuleProtocol.swift in Sources */,
				44EFA6FA25AA505100E8370A /* EmailValidationRule.swift in Sources */,
				44EFA6F925AA505100E8370A /* BaseValidationRule.swift in Sources */,
				44EFA6FF25AA505100E8370A /* ValigatorEntities.swift in Sources */,
				44EFA6FB25AA505100E8370A /* RegexValidationRule.swift in Sources */,
				44EFA6EB25AA505100E8370A /* OnlyLetterOrNumberValidationRule.swift in Sources */,
				44EFA6FD25AA505100E8370A /* Valigator.swift in Sources */,
				44EFA6E025AA505100E8370A /* DuringEditFormValidator.swift in Sources */,
				44EFA6EC25AA505100E8370A /* CrossFieldValidationRule.swift in Sources */,
				44EFA6EA25AA505100E8370A /* FieldValueManagerEntity.swift in Sources */,
				44EFA6DD25AA505100E8370A /* EndOfFieldFormValidator.swift in Sources */,
				44EFA6E625AA505100E8370A /* FieldValidationEntities.swift in Sources */,
				44EFA6F525AA505100E8370A /* MaxLengthValidationRule.swift in Sources */,
				44EFA6ED25AA505100E8370A /* RequiredStringValidationRule.swift in Sources */,
				44EFA6F825AA505100E8370A /* OnlyNumberValidationRule.swift in Sources */,
				44EFA6DE25AA505100E8370A /* BaseFormValidator.swift in Sources */,
				44EFA6E825AA505100E8370A /* Collection+Exts.swift in Sources */,
				44EFA6EF25AA505100E8370A /* RequiredCheckBoxValidationRule.swift in Sources */,
				44EFA6F625AA505100E8370A /* MinLengthValidationRule.swift in Sources */,
			);
			runOnlyForDeploymentPostprocessing = 0;
		};
		5FAD69362407198A00D0EB06 /* Sources */ = {
			isa = PBXSourcesBuildPhase;
			buildActionMask = 2147483647;
			files = (
				5FAD69402407198A00D0EB06 /* ValigatorTests.swift in Sources */,
			);
			runOnlyForDeploymentPostprocessing = 0;
		};
/* End PBXSourcesBuildPhase section */

/* Begin PBXTargetDependency section */
		44EFA68A25AA4E2000E8370A /* PBXTargetDependency */ = {
			isa = PBXTargetDependency;
			target = 44EFA67E25AA4E2000E8370A /* RxValigator */;
			targetProxy = 44EFA68925AA4E2000E8370A /* PBXContainerItemProxy */;
		};
		5FAD693D2407198A00D0EB06 /* PBXTargetDependency */ = {
			isa = PBXTargetDependency;
			target = 5FAD69302407198900D0EB06 /* Valigator */;
			targetProxy = 5FAD693C2407198A00D0EB06 /* PBXContainerItemProxy */;
		};
/* End PBXTargetDependency section */

/* Begin XCBuildConfiguration section */
		44EFA69025AA4E2000E8370A /* Debug */ = {
			isa = XCBuildConfiguration;
			buildSettings = {
				CLANG_ENABLE_MODULES = YES;
				CLANG_WARN_QUOTED_INCLUDE_IN_FRAMEWORK_HEADER = YES;
				CODE_SIGN_STYLE = Automatic;
				DEFINES_MODULE = YES;
				DYLIB_COMPATIBILITY_VERSION = 1;
				DYLIB_CURRENT_VERSION = 1;
				DYLIB_INSTALL_NAME_BASE = "@rpath";
				INFOPLIST_FILE = RxValigator/Info.plist;
				INSTALL_PATH = "$(LOCAL_LIBRARY_DIR)/Frameworks";
				IPHONEOS_DEPLOYMENT_TARGET = 14.2;
				LD_RUNPATH_SEARCH_PATHS = (
					"$(inherited)",
					"@executable_path/Frameworks",
					"@loader_path/Frameworks",
				);
				PRODUCT_BUNDLE_IDENTIFIER = kapizoli77.RxValigator;
				PRODUCT_NAME = "$(TARGET_NAME:c99extidentifier)";
				SKIP_INSTALL = YES;
				SWIFT_OPTIMIZATION_LEVEL = "-Onone";
				SWIFT_VERSION = 5.0;
				TARGETED_DEVICE_FAMILY = "1,2";
			};
			name = Debug;
		};
		44EFA69125AA4E2000E8370A /* Release */ = {
			isa = XCBuildConfiguration;
			buildSettings = {
				CLANG_ENABLE_MODULES = YES;
				CLANG_WARN_QUOTED_INCLUDE_IN_FRAMEWORK_HEADER = YES;
				CODE_SIGN_STYLE = Automatic;
				DEFINES_MODULE = YES;
				DYLIB_COMPATIBILITY_VERSION = 1;
				DYLIB_CURRENT_VERSION = 1;
				DYLIB_INSTALL_NAME_BASE = "@rpath";
				INFOPLIST_FILE = RxValigator/Info.plist;
				INSTALL_PATH = "$(LOCAL_LIBRARY_DIR)/Frameworks";
				IPHONEOS_DEPLOYMENT_TARGET = 14.2;
				LD_RUNPATH_SEARCH_PATHS = (
					"$(inherited)",
					"@executable_path/Frameworks",
					"@loader_path/Frameworks",
				);
				PRODUCT_BUNDLE_IDENTIFIER = kapizoli77.RxValigator;
				PRODUCT_NAME = "$(TARGET_NAME:c99extidentifier)";
				SKIP_INSTALL = YES;
				SWIFT_VERSION = 5.0;
				TARGETED_DEVICE_FAMILY = "1,2";
			};
			name = Release;
		};
		44EFA69225AA4E2000E8370A /* Debug */ = {
			isa = XCBuildConfiguration;
			buildSettings = {
				ALWAYS_EMBED_SWIFT_STANDARD_LIBRARIES = YES;
				CLANG_WARN_QUOTED_INCLUDE_IN_FRAMEWORK_HEADER = YES;
				CODE_SIGN_STYLE = Automatic;
				INFOPLIST_FILE = RxValigatorTests/Info.plist;
				IPHONEOS_DEPLOYMENT_TARGET = 14.2;
				LD_RUNPATH_SEARCH_PATHS = (
					"$(inherited)",
					"@executable_path/Frameworks",
					"@loader_path/Frameworks",
				);
				PRODUCT_BUNDLE_IDENTIFIER = kapizoli77.RxValigatorTests;
				PRODUCT_NAME = "$(TARGET_NAME)";
				SWIFT_VERSION = 5.0;
				TARGETED_DEVICE_FAMILY = "1,2";
			};
			name = Debug;
		};
		44EFA69325AA4E2000E8370A /* Release */ = {
			isa = XCBuildConfiguration;
			buildSettings = {
				ALWAYS_EMBED_SWIFT_STANDARD_LIBRARIES = YES;
				CLANG_WARN_QUOTED_INCLUDE_IN_FRAMEWORK_HEADER = YES;
				CODE_SIGN_STYLE = Automatic;
				INFOPLIST_FILE = RxValigatorTests/Info.plist;
				IPHONEOS_DEPLOYMENT_TARGET = 14.2;
				LD_RUNPATH_SEARCH_PATHS = (
					"$(inherited)",
					"@executable_path/Frameworks",
					"@loader_path/Frameworks",
				);
				PRODUCT_BUNDLE_IDENTIFIER = kapizoli77.RxValigatorTests;
				PRODUCT_NAME = "$(TARGET_NAME)";
				SWIFT_VERSION = 5.0;
				TARGETED_DEVICE_FAMILY = "1,2";
			};
			name = Release;
		};
		5FAD69432407198A00D0EB06 /* Debug */ = {
			isa = XCBuildConfiguration;
			buildSettings = {
				ALWAYS_SEARCH_USER_PATHS = NO;
				CLANG_ANALYZER_NONNULL = YES;
				CLANG_ANALYZER_NUMBER_OBJECT_CONVERSION = YES_AGGRESSIVE;
				CLANG_CXX_LANGUAGE_STANDARD = "gnu++14";
				CLANG_CXX_LIBRARY = "libc++";
				CLANG_ENABLE_MODULES = YES;
				CLANG_ENABLE_OBJC_ARC = YES;
				CLANG_ENABLE_OBJC_WEAK = YES;
				CLANG_WARN_BLOCK_CAPTURE_AUTORELEASING = YES;
				CLANG_WARN_BOOL_CONVERSION = YES;
				CLANG_WARN_COMMA = YES;
				CLANG_WARN_CONSTANT_CONVERSION = YES;
				CLANG_WARN_DEPRECATED_OBJC_IMPLEMENTATIONS = YES;
				CLANG_WARN_DIRECT_OBJC_ISA_USAGE = YES_ERROR;
				CLANG_WARN_DOCUMENTATION_COMMENTS = YES;
				CLANG_WARN_EMPTY_BODY = YES;
				CLANG_WARN_ENUM_CONVERSION = YES;
				CLANG_WARN_INFINITE_RECURSION = YES;
				CLANG_WARN_INT_CONVERSION = YES;
				CLANG_WARN_NON_LITERAL_NULL_CONVERSION = YES;
				CLANG_WARN_OBJC_IMPLICIT_RETAIN_SELF = YES;
				CLANG_WARN_OBJC_LITERAL_CONVERSION = YES;
				CLANG_WARN_OBJC_ROOT_CLASS = YES_ERROR;
				CLANG_WARN_RANGE_LOOP_ANALYSIS = YES;
				CLANG_WARN_STRICT_PROTOTYPES = YES;
				CLANG_WARN_SUSPICIOUS_MOVE = YES;
				CLANG_WARN_UNGUARDED_AVAILABILITY = YES_AGGRESSIVE;
				CLANG_WARN_UNREACHABLE_CODE = YES;
				CLANG_WARN__DUPLICATE_METHOD_MATCH = YES;
				COPY_PHASE_STRIP = NO;
				CURRENT_PROJECT_VERSION = 1;
				DEBUG_INFORMATION_FORMAT = dwarf;
				ENABLE_STRICT_OBJC_MSGSEND = YES;
				ENABLE_TESTABILITY = YES;
				GCC_C_LANGUAGE_STANDARD = gnu11;
				GCC_DYNAMIC_NO_PIC = NO;
				GCC_NO_COMMON_BLOCKS = YES;
				GCC_OPTIMIZATION_LEVEL = 0;
				GCC_PREPROCESSOR_DEFINITIONS = (
					"DEBUG=1",
					"$(inherited)",
				);
				GCC_WARN_64_TO_32_BIT_CONVERSION = YES;
				GCC_WARN_ABOUT_RETURN_TYPE = YES_ERROR;
				GCC_WARN_UNDECLARED_SELECTOR = YES;
				GCC_WARN_UNINITIALIZED_AUTOS = YES_AGGRESSIVE;
				GCC_WARN_UNUSED_FUNCTION = YES;
				GCC_WARN_UNUSED_VARIABLE = YES;
				IPHONEOS_DEPLOYMENT_TARGET = 13.2;
				MTL_ENABLE_DEBUG_INFO = INCLUDE_SOURCE;
				MTL_FAST_MATH = YES;
				ONLY_ACTIVE_ARCH = YES;
				SDKROOT = iphoneos;
				SWIFT_ACTIVE_COMPILATION_CONDITIONS = DEBUG;
				SWIFT_OPTIMIZATION_LEVEL = "-Onone";
				VERSIONING_SYSTEM = "apple-generic";
				VERSION_INFO_PREFIX = "";
			};
			name = Debug;
		};
		5FAD69442407198A00D0EB06 /* Release */ = {
			isa = XCBuildConfiguration;
			buildSettings = {
				ALWAYS_SEARCH_USER_PATHS = NO;
				CLANG_ANALYZER_NONNULL = YES;
				CLANG_ANALYZER_NUMBER_OBJECT_CONVERSION = YES_AGGRESSIVE;
				CLANG_CXX_LANGUAGE_STANDARD = "gnu++14";
				CLANG_CXX_LIBRARY = "libc++";
				CLANG_ENABLE_MODULES = YES;
				CLANG_ENABLE_OBJC_ARC = YES;
				CLANG_ENABLE_OBJC_WEAK = YES;
				CLANG_WARN_BLOCK_CAPTURE_AUTORELEASING = YES;
				CLANG_WARN_BOOL_CONVERSION = YES;
				CLANG_WARN_COMMA = YES;
				CLANG_WARN_CONSTANT_CONVERSION = YES;
				CLANG_WARN_DEPRECATED_OBJC_IMPLEMENTATIONS = YES;
				CLANG_WARN_DIRECT_OBJC_ISA_USAGE = YES_ERROR;
				CLANG_WARN_DOCUMENTATION_COMMENTS = YES;
				CLANG_WARN_EMPTY_BODY = YES;
				CLANG_WARN_ENUM_CONVERSION = YES;
				CLANG_WARN_INFINITE_RECURSION = YES;
				CLANG_WARN_INT_CONVERSION = YES;
				CLANG_WARN_NON_LITERAL_NULL_CONVERSION = YES;
				CLANG_WARN_OBJC_IMPLICIT_RETAIN_SELF = YES;
				CLANG_WARN_OBJC_LITERAL_CONVERSION = YES;
				CLANG_WARN_OBJC_ROOT_CLASS = YES_ERROR;
				CLANG_WARN_RANGE_LOOP_ANALYSIS = YES;
				CLANG_WARN_STRICT_PROTOTYPES = YES;
				CLANG_WARN_SUSPICIOUS_MOVE = YES;
				CLANG_WARN_UNGUARDED_AVAILABILITY = YES_AGGRESSIVE;
				CLANG_WARN_UNREACHABLE_CODE = YES;
				CLANG_WARN__DUPLICATE_METHOD_MATCH = YES;
				COPY_PHASE_STRIP = NO;
				CURRENT_PROJECT_VERSION = 1;
				DEBUG_INFORMATION_FORMAT = "dwarf-with-dsym";
				ENABLE_NS_ASSERTIONS = NO;
				ENABLE_STRICT_OBJC_MSGSEND = YES;
				GCC_C_LANGUAGE_STANDARD = gnu11;
				GCC_NO_COMMON_BLOCKS = YES;
				GCC_WARN_64_TO_32_BIT_CONVERSION = YES;
				GCC_WARN_ABOUT_RETURN_TYPE = YES_ERROR;
				GCC_WARN_UNDECLARED_SELECTOR = YES;
				GCC_WARN_UNINITIALIZED_AUTOS = YES_AGGRESSIVE;
				GCC_WARN_UNUSED_FUNCTION = YES;
				GCC_WARN_UNUSED_VARIABLE = YES;
				IPHONEOS_DEPLOYMENT_TARGET = 13.2;
				MTL_ENABLE_DEBUG_INFO = NO;
				MTL_FAST_MATH = YES;
				SDKROOT = iphoneos;
				SWIFT_COMPILATION_MODE = wholemodule;
				SWIFT_OPTIMIZATION_LEVEL = "-O";
				VALIDATE_PRODUCT = YES;
				VERSIONING_SYSTEM = "apple-generic";
				VERSION_INFO_PREFIX = "";
			};
			name = Release;
		};
		5FAD69462407198A00D0EB06 /* Debug */ = {
			isa = XCBuildConfiguration;
			buildSettings = {
				CODE_SIGN_STYLE = Automatic;
				DEFINES_MODULE = YES;
				DYLIB_COMPATIBILITY_VERSION = 1;
				DYLIB_CURRENT_VERSION = 1;
				DYLIB_INSTALL_NAME_BASE = "@rpath";
				INFOPLIST_FILE = Source/Info.plist;
				INSTALL_PATH = "$(LOCAL_LIBRARY_DIR)/Frameworks";
				IPHONEOS_DEPLOYMENT_TARGET = 11.0;
				LD_RUNPATH_SEARCH_PATHS = (
					"$(inherited)",
					"@executable_path/Frameworks",
					"@loader_path/Frameworks",
				);
				MACH_O_TYPE = mh_dylib;
				MARKETING_VERSION = 1.0;
				PRODUCT_BUNDLE_IDENTIFIER = kapizoli77.valigator;
				PRODUCT_NAME = "$(TARGET_NAME:c99extidentifier)";
				SKIP_INSTALL = YES;
				SWIFT_VERSION = 5.0;
				TARGETED_DEVICE_FAMILY = "1,2";
			};
			name = Debug;
		};
		5FAD69472407198A00D0EB06 /* Release */ = {
			isa = XCBuildConfiguration;
			buildSettings = {
				CODE_SIGN_STYLE = Automatic;
				DEFINES_MODULE = YES;
				DYLIB_COMPATIBILITY_VERSION = 1;
				DYLIB_CURRENT_VERSION = 1;
				DYLIB_INSTALL_NAME_BASE = "@rpath";
				INFOPLIST_FILE = Source/Info.plist;
				INSTALL_PATH = "$(LOCAL_LIBRARY_DIR)/Frameworks";
				IPHONEOS_DEPLOYMENT_TARGET = 11.0;
				LD_RUNPATH_SEARCH_PATHS = (
					"$(inherited)",
					"@executable_path/Frameworks",
					"@loader_path/Frameworks",
				);
				MACH_O_TYPE = mh_dylib;
				MARKETING_VERSION = 1.0;
				PRODUCT_BUNDLE_IDENTIFIER = kapizoli77.valigator;
				PRODUCT_NAME = "$(TARGET_NAME:c99extidentifier)";
				SKIP_INSTALL = YES;
				SWIFT_VERSION = 5.0;
				TARGETED_DEVICE_FAMILY = "1,2";
			};
			name = Release;
		};
		5FAD69492407198A00D0EB06 /* Debug */ = {
			isa = XCBuildConfiguration;
			buildSettings = {
				ALWAYS_EMBED_SWIFT_STANDARD_LIBRARIES = YES;
				CODE_SIGN_STYLE = Automatic;
				INFOPLIST_FILE = ValigatorTests/Info.plist;
				LD_RUNPATH_SEARCH_PATHS = (
					"$(inherited)",
					"@executable_path/Frameworks",
					"@loader_path/Frameworks",
				);
				PRODUCT_BUNDLE_IDENTIFIER = kapizoli77.ValigatorTests;
				PRODUCT_NAME = "$(TARGET_NAME)";
				SWIFT_VERSION = 5.0;
				TARGETED_DEVICE_FAMILY = "1,2";
			};
			name = Debug;
		};
		5FAD694A2407198A00D0EB06 /* Release */ = {
			isa = XCBuildConfiguration;
			buildSettings = {
				ALWAYS_EMBED_SWIFT_STANDARD_LIBRARIES = YES;
				CODE_SIGN_STYLE = Automatic;
				INFOPLIST_FILE = ValigatorTests/Info.plist;
				LD_RUNPATH_SEARCH_PATHS = (
					"$(inherited)",
					"@executable_path/Frameworks",
					"@loader_path/Frameworks",
				);
				PRODUCT_BUNDLE_IDENTIFIER = kapizoli77.ValigatorTests;
				PRODUCT_NAME = "$(TARGET_NAME)";
				SWIFT_VERSION = 5.0;
				TARGETED_DEVICE_FAMILY = "1,2";
			};
			name = Release;
		};
/* End XCBuildConfiguration section */

/* Begin XCConfigurationList section */
		44EFA69425AA4E2000E8370A /* Build configuration list for PBXNativeTarget "RxValigator" */ = {
			isa = XCConfigurationList;
			buildConfigurations = (
				44EFA69025AA4E2000E8370A /* Debug */,
				44EFA69125AA4E2000E8370A /* Release */,
			);
			defaultConfigurationIsVisible = 0;
			defaultConfigurationName = Release;
		};
		44EFA69525AA4E2000E8370A /* Build configuration list for PBXNativeTarget "RxValigatorTests" */ = {
			isa = XCConfigurationList;
			buildConfigurations = (
				44EFA69225AA4E2000E8370A /* Debug */,
				44EFA69325AA4E2000E8370A /* Release */,
			);
			defaultConfigurationIsVisible = 0;
			defaultConfigurationName = Release;
		};
		5FAD692B2407198900D0EB06 /* Build configuration list for PBXProject "Valigator" */ = {
			isa = XCConfigurationList;
			buildConfigurations = (
				5FAD69432407198A00D0EB06 /* Debug */,
				5FAD69442407198A00D0EB06 /* Release */,
			);
			defaultConfigurationIsVisible = 0;
			defaultConfigurationName = Release;
		};
		5FAD69452407198A00D0EB06 /* Build configuration list for PBXNativeTarget "Valigator" */ = {
			isa = XCConfigurationList;
			buildConfigurations = (
				5FAD69462407198A00D0EB06 /* Debug */,
				5FAD69472407198A00D0EB06 /* Release */,
			);
			defaultConfigurationIsVisible = 0;
			defaultConfigurationName = Release;
		};
		5FAD69482407198A00D0EB06 /* Build configuration list for PBXNativeTarget "ValigatorTests" */ = {
			isa = XCConfigurationList;
			buildConfigurations = (
				5FAD69492407198A00D0EB06 /* Debug */,
				5FAD694A2407198A00D0EB06 /* Release */,
			);
			defaultConfigurationIsVisible = 0;
			defaultConfigurationName = Release;
		};
/* End XCConfigurationList section */
	};
	rootObject = 5FAD69282407198900D0EB06 /* Project object */;
}
